
Microsoft Visual Studio Solution File, Format Version 12.00
# Visual Studio 15
VisualStudioVersion = 15.0.28307.1022
MinimumVisualStudioVersion = 10.0.40219.1
Project("{FAE04EC0-301F-11D3-BF4B-00C04F79EFBC}") = "GetLocDevice", "GetLocDevice\GetLocDevice.csproj", "{28242FE1-1EA1-4046-AEEB-0158F468A412}"
EndProject
Global
	GlobalSection(SolutionConfigurationPlatforms) = preSolution
		Debug|Any CPU = Debug|Any CPU
		Release|Any CPU = Release|Any CPU
	EndGlobalSection
	GlobalSection(ProjectConfigurationPlatforms) = postSolution
		{28242FE1-1EA1-4046-AEEB-0158F468A412}.Debug|Any CPU.ActiveCfg = Debug|Any CPU
		{28242FE1-1EA1-4046-AEEB-0158F468A412}.Debug|Any CPU.Build.0 = Debug|Any CPU
		{28242FE1-1EA1-4046-AEEB-0158F468A412}.Debug|Any CPU.Deploy.0 = Debug|Any CPU
		{28242FE1-1EA1-4046-AEEB-0158F468A412}.Release|Any CPU.ActiveCfg = Release|Any CPU
		{28242FE1-1EA1-4046-AEEB-0158F468A412}.Release|Any CPU.Build.0 = Release|Any CPU
		{28242FE1-1EA1-4046-AEEB-0158F468A412}.Release|Any CPU.Deploy.0 = Release|Any CPU
	EndGlobalSection
	GlobalSection(SolutionProperties) = preSolution
		HideSolutionNode = FALSE
	EndGlobalSection
	GlobalSection(ExtensibilityGlobals) = postSolution
		SolutionGuid = {0D4F6BA0-24F4-4528-A71A-9F83D9C9608A}
	EndGlobalSection
EndGlobal
